
Microsoft Visual Studio Solution File, Format Version 12.00
# Visual Studio Version 16
VisualStudioVersion = 16.0.29123.88
MinimumVisualStudioVersion = 10.0.40219.1
Project("{FAE04EC0-301F-11D3-BF4B-00C04F79EFBC}") = "mutacje_charty", "mutacje_charty.csproj", "{046DC30A-0933-4A1C-8EA6-8881AC97BB86}"
EndProject
Global
	GlobalSection(SolutionConfigurationPlatforms) = preSolution
		Debug|Any CPU = Debug|Any CPU
		Release|Any CPU = Release|Any CPU
	EndGlobalSection
	GlobalSection(ProjectConfigurationPlatforms) = postSolution
		{046DC30A-0933-4A1C-8EA6-8881AC97BB86}.Debug|Any CPU.ActiveCfg = Debug|Any CPU
		{046DC30A-0933-4A1C-8EA6-8881AC97BB86}.Debug|Any CPU.Build.0 = Debug|Any CPU
		{046DC30A-0933-4A1C-8EA6-8881AC97BB86}.Release|Any CPU.ActiveCfg = Release|Any CPU
		{046DC30A-0933-4A1C-8EA6-8881AC97BB86}.Release|Any CPU.Build.0 = Release|Any CPU
	EndGlobalSection
	GlobalSection(SolutionProperties) = preSolution
		HideSolutionNode = FALSE
	EndGlobalSection
	GlobalSection(ExtensibilityGlobals) = postSolution
		SolutionGuid = {26A57432-2A08-402C-BA04-4E5E2B81D002}
	EndGlobalSection
EndGlobal
